
Microsoft Visual Studio Solution File, Format Version 12.00
# Visual Studio Version 17
VisualStudioVersion = 17.9.34616.47
MinimumVisualStudioVersion = 10.0.40219.1
Project("{FAE04EC0-301F-11D3-BF4B-00C04F79EFBC}") = "Workspace", "Workspace\Workspace.csproj", "{2B7F1FDD-1FB2-4333-8F40-CBDD717F2495}"
EndProject
Project("{FAE04EC0-301F-11D3-BF4B-00C04F79EFBC}") = "Entities", "Entities\Entities.csproj", "{FE60DC47-4B63-47AA-B866-0791ED1190EF}"
EndProject
Project("{FAE04EC0-301F-11D3-BF4B-00C04F79EFBC}") = "Business", "Business\Business.csproj", "{FB33CBDD-BB38-413F-AC7C-62C24993F2C0}"
EndProject
Global
	GlobalSection(SolutionConfigurationPlatforms) = preSolution
		Debug|Any CPU = Debug|Any CPU
		Release|Any CPU = Release|Any CPU
	EndGlobalSection
	GlobalSection(ProjectConfigurationPlatforms) = postSolution
		{2B7F1FDD-1FB2-4333-8F40-CBDD717F2495}.Debug|Any CPU.ActiveCfg = Debug|Any CPU
		{2B7F1FDD-1FB2-4333-8F40-CBDD717F2495}.Debug|Any CPU.Build.0 = Debug|Any CPU
		{2B7F1FDD-1FB2-4333-8F40-CBDD717F2495}.Release|Any CPU.ActiveCfg = Release|Any CPU
		{2B7F1FDD-1FB2-4333-8F40-CBDD717F2495}.Release|Any CPU.Build.0 = Release|Any CPU
		{FE60DC47-4B63-47AA-B866-0791ED1190EF}.Debug|Any CPU.ActiveCfg = Debug|Any CPU
		{FE60DC47-4B63-47AA-B866-0791ED1190EF}.Debug|Any CPU.Build.0 = Debug|Any CPU
		{FE60DC47-4B63-47AA-B866-0791ED1190EF}.Release|Any CPU.ActiveCfg = Release|Any CPU
		{FE60DC47-4B63-47AA-B866-0791ED1190EF}.Release|Any CPU.Build.0 = Release|Any CPU
		{FB33CBDD-BB38-413F-AC7C-62C24993F2C0}.Debug|Any CPU.ActiveCfg = Debug|Any CPU
		{FB33CBDD-BB38-413F-AC7C-62C24993F2C0}.Debug|Any CPU.Build.0 = Debug|Any CPU
		{FB33CBDD-BB38-413F-AC7C-62C24993F2C0}.Release|Any CPU.ActiveCfg = Release|Any CPU
		{FB33CBDD-BB38-413F-AC7C-62C24993F2C0}.Release|Any CPU.Build.0 = Release|Any CPU
	EndGlobalSection
	GlobalSection(SolutionProperties) = preSolution
		HideSolutionNode = FALSE
	EndGlobalSection
	GlobalSection(ExtensibilityGlobals) = postSolution
		SolutionGuid = {E2846A95-A0A4-4687-B644-2CF2E69EE7A7}
	EndGlobalSection
EndGlobal
